
Microsoft Visual Studio Solution File, Format Version 12.00
# Visual Studio 15
VisualStudioVersion = 15.0.26228.12
MinimumVisualStudioVersion = 10.0.40219.1
Project("{FAE04EC0-301F-11D3-BF4B-00C04F79EFBC}") = "TeamPowered", "TeamPowered\TeamPowered.csproj", "{23A8749C-2B25-4B58-A286-454C1375B34A}"
EndProject
Global
	GlobalSection(SolutionConfigurationPlatforms) = preSolution
		Debug|Any CPU = Debug|Any CPU
		Release|Any CPU = Release|Any CPU
	EndGlobalSection
	GlobalSection(ProjectConfigurationPlatforms) = postSolution
		{23A8749C-2B25-4B58-A286-454C1375B34A}.Debug|Any CPU.ActiveCfg = Debug|Any CPU
		{23A8749C-2B25-4B58-A286-454C1375B34A}.Debug|Any CPU.Build.0 = Debug|Any CPU
		{23A8749C-2B25-4B58-A286-454C1375B34A}.Release|Any CPU.ActiveCfg = Release|Any CPU
		{23A8749C-2B25-4B58-A286-454C1375B34A}.Release|Any CPU.Build.0 = Release|Any CPU
	EndGlobalSection
	GlobalSection(SolutionProperties) = preSolution
		HideSolutionNode = FALSE
	EndGlobalSection
EndGlobal
